// !$*UTF8*$!
{
	archiveVersion = 1;
	classes = {
	};
	objectVersion = 53;
	objects = {

/* Begin PBXBuildFile section */
		F24EAE3C24A13B25006FEBFA /* AppDelegate.swift in Sources */ = {isa = PBXBuildFile; fileRef = F24EAE3B24A13B25006FEBFA /* AppDelegate.swift */; };
		F24EAE3E24A13B25006FEBFA /* SceneDelegate.swift in Sources */ = {isa = PBXBuildFile; fileRef = F24EAE3D24A13B25006FEBFA /* SceneDelegate.swift */; };
		F24EAE4024A13B25006FEBFA /* TodoVC.swift in Sources */ = {isa = PBXBuildFile; fileRef = F24EAE3F24A13B25006FEBFA /* TodoVC.swift */; };
		F24EAE4324A13B25006FEBFA /* Main.storyboard in Resources */ = {isa = PBXBuildFile; fileRef = F24EAE4124A13B25006FEBFA /* Main.storyboard */; };
		F24EAE4524A13B27006FEBFA /* Assets.xcassets in Resources */ = {isa = PBXBuildFile; fileRef = F24EAE4424A13B27006FEBFA /* Assets.xcassets */; };
		F24EAE4824A13B27006FEBFA /* LaunchScreen.storyboard in Resources */ = {isa = PBXBuildFile; fileRef = F24EAE4624A13B27006FEBFA /* LaunchScreen.storyboard */; };
		F24EAE5324A13EB0006FEBFA /* TodoCell.swift in Sources */ = {isa = PBXBuildFile; fileRef = F24EAE5224A13EB0006FEBFA /* TodoCell.swift */; };
		F24EAE5524A144B3006FEBFA /* Todo.swift in Sources */ = {isa = PBXBuildFile; fileRef = F24EAE5424A144B3006FEBFA /* Todo.swift */; };
		F24EAE5724A1453C006FEBFA /* APIError.swift in Sources */ = {isa = PBXBuildFile; fileRef = F24EAE5624A1453C006FEBFA /* APIError.swift */; };
		F24EAE5A24A145B0006FEBFA /* NetworkService.swift in Sources */ = {isa = PBXBuildFile; fileRef = F24EAE5924A145B0006FEBFA /* NetworkService.swift */; };
/* End PBXBuildFile section */

/* Begin PBXFileReference section */
		F24EAE3824A13B25006FEBFA /* TODO.app */ = {isa = PBXFileReference; explicitFileType = wrapper.application; includeInIndex = 0; path = TODO.app; sourceTree = BUILT_PRODUCTS_DIR; };
		F24EAE3B24A13B25006FEBFA /* AppDelegate.swift */ = {isa = PBXFileReference; lastKnownFileType = sourcecode.swift; path = AppDelegate.swift; sourceTree = "<group>"; };
		F24EAE3D24A13B25006FEBFA /* SceneDelegate.swift */ = {isa = PBXFileReference; lastKnownFileType = sourcecode.swift; path = SceneDelegate.swift; sourceTree = "<group>"; };
		F24EAE3F24A13B25006FEBFA /* TodoVC.swift */ = {isa = PBXFileReference; lastKnownFileType = sourcecode.swift; path = TodoVC.swift; sourceTree = "<group>"; };
		F24EAE4224A13B25006FEBFA /* Base */ = {isa = PBXFileReference; lastKnownFileType = file.storyboard; name = Base; path = Base.lproj/Main.storyboard; sourceTree = "<group>"; };
		F24EAE4424A13B27006FEBFA /* Assets.xcassets */ = {isa = PBXFileReference; lastKnownFileType = folder.assetcatalog; path = Assets.xcassets; sourceTree = "<group>"; };
		F24EAE4724A13B27006FEBFA /* Base */ = {isa = PBXFileReference; lastKnownFileType = file.storyboard; name = Base; path = Base.lproj/LaunchScreen.storyboard; sourceTree = "<group>"; };
		F24EAE4924A13B27006FEBFA /* Info.plist */ = {isa = PBXFileReference; lastKnownFileType = text.plist.xml; path = Info.plist; sourceTree = "<group>"; };
		F24EAE5224A13EB0006FEBFA /* TodoCell.swift */ = {isa = PBXFileReference; lastKnownFileType = sourcecode.swift; path = TodoCell.swift; sourceTree = "<group>"; };
		F24EAE5424A144B3006FEBFA /* Todo.swift */ = {isa = PBXFileReference; lastKnownFileType = sourcecode.swift; path = Todo.swift; sourceTree = "<group>"; };
		F24EAE5624A1453C006FEBFA /* APIError.swift */ = {isa = PBXFileReference; lastKnownFileType = sourcecode.swift; path = APIError.swift; sourceTree = "<group>"; };
		F24EAE5924A145B0006FEBFA /* NetworkService.swift */ = {isa = PBXFileReference; lastKnownFileType = sourcecode.swift; path = NetworkService.swift; sourceTree = "<group>"; };
/* End PBXFileReference section */

/* Begin PBXFrameworksBuildPhase section */
		F24EAE3524A13B25006FEBFA /* Frameworks */ = {
			isa = PBXFrameworksBuildPhase;
			buildActionMask = 2147483647;
			files = (
			);
			runOnlyForDeploymentPostprocessing = 0;
		};
/* End PBXFrameworksBuildPhase section */

/* Begin PBXGroup section */
		F24EAE2F24A13B25006FEBFA = {
			isa = PBXGroup;
			children = (
				F24EAE3A24A13B25006FEBFA /* TODO */,
				F24EAE3924A13B25006FEBFA /* Products */,
			);
			sourceTree = "<group>";
		};
		F24EAE3924A13B25006FEBFA /* Products */ = {
			isa = PBXGroup;
			children = (
				F24EAE3824A13B25006FEBFA /* TODO.app */,
			);
			name = Products;
			sourceTree = "<group>";
		};
		F24EAE3A24A13B25006FEBFA /* TODO */ = {
			isa = PBXGroup;
			children = (
				F24EAE5824A1459C006FEBFA /* Services */,
				F24EAE5124A13E6A006FEBFA /* Model */,
				F24EAE5024A13E62006FEBFA /* View */,
				F24EAE4F24A13E58006FEBFA /* Controller */,
				F24EAE3B24A13B25006FEBFA /* AppDelegate.swift */,
				F24EAE3D24A13B25006FEBFA /* SceneDelegate.swift */,
				F24EAE4124A13B25006FEBFA /* Main.storyboard */,
				F24EAE4424A13B27006FEBFA /* Assets.xcassets */,
				F24EAE4624A13B27006FEBFA /* LaunchScreen.storyboard */,
				F24EAE4924A13B27006FEBFA /* Info.plist */,
			);
			path = TODO;
			sourceTree = "<group>";
		};
		F24EAE4F24A13E58006FEBFA /* Controller */ = {
			isa = PBXGroup;
			children = (
				F24EAE3F24A13B25006FEBFA /* TodoVC.swift */,
			);
			path = Controller;
			sourceTree = "<group>";
		};
		F24EAE5024A13E62006FEBFA /* View */ = {
			isa = PBXGroup;
			children = (
				F24EAE5224A13EB0006FEBFA /* TodoCell.swift */,
			);
			path = View;
			sourceTree = "<group>";
		};
		F24EAE5124A13E6A006FEBFA /* Model */ = {
			isa = PBXGroup;
			children = (
				F24EAE5424A144B3006FEBFA /* Todo.swift */,
				F24EAE5624A1453C006FEBFA /* APIError.swift */,
			);
			path = Model;
			sourceTree = "<group>";
		};
		F24EAE5824A1459C006FEBFA /* Services */ = {
			isa = PBXGroup;
			children = (
				F24EAE5924A145B0006FEBFA /* NetworkService.swift */,
			);
			path = Services;
			sourceTree = "<group>";
		};
/* End PBXGroup section */

/* Begin PBXNativeTarget section */
		F24EAE3724A13B25006FEBFA /* TODO */ = {
			isa = PBXNativeTarget;
			buildConfigurationList = F24EAE4C24A13B27006FEBFA /* Build configuration list for PBXNativeTarget "TODO" */;
			buildPhases = (
				F24EAE3424A13B25006FEBFA /* Sources */,
				F24EAE3524A13B25006FEBFA /* Frameworks */,
				F24EAE3624A13B25006FEBFA /* Resources */,
			);
			buildRules = (
			);
			dependencies = (
			);
			name = TODO;
			productName = TODO;
			productReference = F24EAE3824A13B25006FEBFA /* TODO.app */;
			productType = "com.apple.product-type.application";
		};
/* End PBXNativeTarget section */

/* Begin PBXProject section */
		F24EAE3024A13B25006FEBFA /* Project object */ = {
			isa = PBXProject;
			attributes = {
				LastSwiftUpdateCheck = 1150;
				LastUpgradeCheck = 1150;
				ORGANIZATIONNAME = "Алексей Шумейко";
				TargetAttributes = {
					F24EAE3724A13B25006FEBFA = {
						CreatedOnToolsVersion = 11.5;
					};
				};
			};
			buildConfigurationList = F24EAE3324A13B25006FEBFA /* Build configuration list for PBXProject "TODO" */;
			compatibilityVersion = "Xcode 11.4";
			developmentRegion = en;
			hasScannedForEncodings = 0;
			knownRegions = (
				en,
				Base,
			);
			mainGroup = F24EAE2F24A13B25006FEBFA;
			productRefGroup = F24EAE3924A13B25006FEBFA /* Products */;
			projectDirPath = "";
			projectRoot = "";
			targets = (
				F24EAE3724A13B25006FEBFA /* TODO */,
			);
		};
/* End PBXProject section */

/* Begin PBXResourcesBuildPhase section */
		F24EAE3624A13B25006FEBFA /* Resources */ = {
			isa = PBXResourcesBuildPhase;
			buildActionMask = 2147483647;
			files = (
				F24EAE4824A13B27006FEBFA /* LaunchScreen.storyboard in Resources */,
				F24EAE4524A13B27006FEBFA /* Assets.xcassets in Resources */,
				F24EAE4324A13B25006FEBFA /* Main.storyboard in Resources */,
			);
			runOnlyForDeploymentPostprocessing = 0;
		};
/* End PBXResourcesBuildPhase section */

/* Begin PBXSourcesBuildPhase section */
		F24EAE3424A13B25006FEBFA /* Sources */ = {
			isa = PBXSourcesBuildPhase;
			buildActionMask = 2147483647;
			files = (
				F24EAE4024A13B25006FEBFA /* TodoVC.swift in Sources */,
				F24EAE3C24A13B25006FEBFA /* AppDelegate.swift in Sources */,
				F24EAE3E24A13B25006FEBFA /* SceneDelegate.swift in Sources */,
				F24EAE5324A13EB0006FEBFA /* TodoCell.swift in Sources */,
				F24EAE5524A144B3006FEBFA /* Todo.swift in Sources */,
				F24EAE5724A1453C006FEBFA /* APIError.swift in Sources */,
				F24EAE5A24A145B0006FEBFA /* NetworkService.swift in Sources */,
			);
			runOnlyForDeploymentPostprocessing = 0;
		};
/* End PBXSourcesBuildPhase section */

/* Begin PBXVariantGroup section */
		F24EAE4124A13B25006FEBFA /* Main.storyboard */ = {
			isa = PBXVariantGroup;
			children = (
				F24EAE4224A13B25006FEBFA /* Base */,
			);
			name = Main.storyboard;
			sourceTree = "<group>";
		};
		F24EAE4624A13B27006FEBFA /* LaunchScreen.storyboard */ = {
			isa = PBXVariantGroup;
			children = (
				F24EAE4724A13B27006FEBFA /* Base */,
			);
			name = LaunchScreen.storyboard;
			sourceTree = "<group>";
		};
/* End PBXVariantGroup section */

/* Begin XCBuildConfiguration section */
		F24EAE4A24A13B27006FEBFA /* Debug */ = {
			isa = XCBuildConfiguration;
			buildSettings = {
				ALWAYS_SEARCH_USER_PATHS = NO;
				CLANG_ANALYZER_NONNULL = YES;
				CLANG_ANALYZER_NUMBER_OBJECT_CONVERSION = YES_AGGRESSIVE;
				CLANG_CXX_LANGUAGE_STANDARD = "gnu++14";
				CLANG_CXX_LIBRARY = "libc++";
				CLANG_ENABLE_MODULES = YES;
				CLANG_ENABLE_OBJC_ARC = YES;
				CLANG_ENABLE_OBJC_WEAK = YES;
				CLANG_WARN_BLOCK_CAPTURE_AUTORELEASING = YES;
				CLANG_WARN_BOOL_CONVERSION = YES;
				CLANG_WARN_COMMA = YES;
				CLANG_WARN_CONSTANT_CONVERSION = YES;
				CLANG_WARN_DEPRECATED_OBJC_IMPLEMENTATIONS = YES;
				CLANG_WARN_DIRECT_OBJC_ISA_USAGE = YES_ERROR;
				CLANG_WARN_DOCUMENTATION_COMMENTS = YES;
				CLANG_WARN_EMPTY_BODY = YES;
				CLANG_WARN_ENUM_CONVERSION = YES;
				CLANG_WARN_INFINITE_RECURSION = YES;
				CLANG_WARN_INT_CONVERSION = YES;
				CLANG_WARN_NON_LITERAL_NULL_CONVERSION = YES;
				CLANG_WARN_OBJC_IMPLICIT_RETAIN_SELF = YES;
				CLANG_WARN_OBJC_LITERAL_CONVERSION = YES;
				CLANG_WARN_OBJC_ROOT_CLASS = YES_ERROR;
				CLANG_WARN_RANGE_LOOP_ANALYSIS = YES;
				CLANG_WARN_STRICT_PROTOTYPES = YES;
				CLANG_WARN_SUSPICIOUS_MOVE = YES;
				CLANG_WARN_UNGUARDED_AVAILABILITY = YES_AGGRESSIVE;
				CLANG_WARN_UNREACHABLE_CODE = YES;
				CLANG_WARN__DUPLICATE_METHOD_MATCH = YES;
				COPY_PHASE_STRIP = NO;
				DEBUG_INFORMATION_FORMAT = dwarf;
				ENABLE_STRICT_OBJC_MSGSEND = YES;
				ENABLE_TESTABILITY = YES;
				GCC_C_LANGUAGE_STANDARD = gnu11;
				GCC_DYNAMIC_NO_PIC = NO;
				GCC_NO_COMMON_BLOCKS = YES;
				GCC_OPTIMIZATION_LEVEL = 0;
				GCC_PREPROCESSOR_DEFINITIONS = (
					"DEBUG=1",
					"$(inherited)",
				);
				GCC_WARN_64_TO_32_BIT_CONVERSION = YES;
				GCC_WARN_ABOUT_RETURN_TYPE = YES_ERROR;
				GCC_WARN_UNDECLARED_SELECTOR = YES;
				GCC_WARN_UNINITIALIZED_AUTOS = YES_AGGRESSIVE;
				GCC_WARN_UNUSED_FUNCTION = YES;
				GCC_WARN_UNUSED_VARIABLE = YES;
				IPHONEOS_DEPLOYMENT_TARGET = 13.5;
				MTL_ENABLE_DEBUG_INFO = INCLUDE_SOURCE;
				MTL_FAST_MATH = YES;
				ONLY_ACTIVE_ARCH = YES;
				SDKROOT = iphoneos;
				SWIFT_ACTIVE_COMPILATION_CONDITIONS = DEBUG;
				SWIFT_OPTIMIZATION_LEVEL = "-Onone";
			};
			name = Debug;
		};
		F24EAE4B24A13B27006FEBFA /* Release */ = {
			isa = XCBuildConfiguration;
			buildSettings = {
				ALWAYS_SEARCH_USER_PATHS = NO;
				CLANG_ANALYZER_NONNULL = YES;
				CLANG_ANALYZER_NUMBER_OBJECT_CONVERSION = YES_AGGRESSIVE;
				CLANG_CXX_LANGUAGE_STANDARD = "gnu++14";
				CLANG_CXX_LIBRARY = "libc++";
				CLANG_ENABLE_MODULES = YES;
				CLANG_ENABLE_OBJC_ARC = YES;
				CLANG_ENABLE_OBJC_WEAK = YES;
				CLANG_WARN_BLOCK_CAPTURE_AUTORELEASING = YES;
				CLANG_WARN_BOOL_CONVERSION = YES;
				CLANG_WARN_COMMA = YES;
				CLANG_WARN_CONSTANT_CONVERSION = YES;
				CLANG_WARN_DEPRECATED_OBJC_IMPLEMENTATIONS = YES;
				CLANG_WARN_DIRECT_OBJC_ISA_USAGE = YES_ERROR;
				CLANG_WARN_DOCUMENTATION_COMMENTS = YES;
				CLANG_WARN_EMPTY_BODY = YES;
				CLANG_WARN_ENUM_CONVERSION = YES;
				CLANG_WARN_INFINITE_RECURSION = YES;
				CLANG_WARN_INT_CONVERSION = YES;
				CLANG_WARN_NON_LITERAL_NULL_CONVERSION = YES;
				CLANG_WARN_OBJC_IMPLICIT_RETAIN_SELF = YES;
				CLANG_WARN_OBJC_LITERAL_CONVERSION = YES;
				CLANG_WARN_OBJC_ROOT_CLASS = YES_ERROR;
				CLANG_WARN_RANGE_LOOP_ANALYSIS = YES;
				CLANG_WARN_STRICT_PROTOTYPES = YES;
				CLANG_WARN_SUSPICIOUS_MOVE = YES;
				CLANG_WARN_UNGUARDED_AVAILABILITY = YES_AGGRESSIVE;
				CLANG_WARN_UNREACHABLE_CODE = YES;
				CLANG_WARN__DUPLICATE_METHOD_MATCH = YES;
				COPY_PHASE_STRIP = NO;
				DEBUG_INFORMATION_FORMAT = "dwarf-with-dsym";
				ENABLE_NS_ASSERTIONS = NO;
				ENABLE_STRICT_OBJC_MSGSEND = YES;
				GCC_C_LANGUAGE_STANDARD = gnu11;
				GCC_NO_COMMON_BLOCKS = YES;
				GCC_WARN_64_TO_32_BIT_CONVERSION = YES;
				GCC_WARN_ABOUT_RETURN_TYPE = YES_ERROR;
				GCC_WARN_UNDECLARED_SELECTOR = YES;
				GCC_WARN_UNINITIALIZED_AUTOS = YES_AGGRESSIVE;
				GCC_WARN_UNUSED_FUNCTION = YES;
				GCC_WARN_UNUSED_VARIABLE = YES;
				IPHONEOS_DEPLOYMENT_TARGET = 13.5;
				MTL_ENABLE_DEBUG_INFO = NO;
				MTL_FAST_MATH = YES;
				SDKROOT = iphoneos;
				SWIFT_COMPILATION_MODE = wholemodule;
				SWIFT_OPTIMIZATION_LEVEL = "-O";
				VALIDATE_PRODUCT = YES;
			};
			name = Release;
		};
		F24EAE4D24A13B27006FEBFA /* Debug */ = {
			isa = XCBuildConfiguration;
			buildSettings = {
				ASSETCATALOG_COMPILER_APPICON_NAME = AppIcon;
				CODE_SIGN_STYLE = Automatic;
				DEVELOPMENT_TEAM = 2SCLNZC55V;
				INFOPLIST_FILE = TODO/Info.plist;
				LD_RUNPATH_SEARCH_PATHS = (
					"$(inherited)",
					"@executable_path/Frameworks",
				);
				PRODUCT_BUNDLE_IDENTIFIER = OGscompany.TODO;
				PRODUCT_NAME = "$(TARGET_NAME)";
				SWIFT_VERSION = 5.0;
				TARGETED_DEVICE_FAMILY = "1,2";
			};
			name = Debug;
		};
		F24EAE4E24A13B27006FEBFA /* Release */ = {
			isa = XCBuildConfiguration;
			buildSettings = {
				ASSETCATALOG_COMPILER_APPICON_NAME = AppIcon;
				CODE_SIGN_STYLE = Automatic;
				DEVELOPMENT_TEAM = 2SCLNZC55V;
				INFOPLIST_FILE = TODO/Info.plist;
				LD_RUNPATH_SEARCH_PATHS = (
					"$(inherited)",
					"@executable_path/Frameworks",
				);
				PRODUCT_BUNDLE_IDENTIFIER = OGscompany.TODO;
				PRODUCT_NAME = "$(TARGET_NAME)";
				SWIFT_VERSION = 5.0;
				TARGETED_DEVICE_FAMILY = "1,2";
			};
			name = Release;
		};
/* End XCBuildConfiguration section */

/* Begin XCConfigurationList section */
		F24EAE3324A13B25006FEBFA /* Build configuration list for PBXProject "TODO" */ = {
			isa = XCConfigurationList;
			buildConfigurations = (
				F24EAE4A24A13B27006FEBFA /* Debug */,
				F24EAE4B24A13B27006FEBFA /* Release */,
			);
			defaultConfigurationIsVisible = 0;
			defaultConfigurationName = Release;
		};
		F24EAE4C24A13B27006FEBFA /* Build configuration list for PBXNativeTarget "TODO" */ = {
			isa = XCConfigurationList;
			buildConfigurations = (
				F24EAE4D24A13B27006FEBFA /* Debug */,
				F24EAE4E24A13B27006FEBFA /* Release */,
			);
			defaultConfigurationIsVisible = 0;
			defaultConfigurationName = Release;
		};
/* End XCConfigurationList section */
	};
	rootObject = F24EAE3024A13B25006FEBFA /* Project object */;
}
